
Microsoft Visual Studio Solution File, Format Version 12.00
# Visual Studio Version 17
VisualStudioVersion = 17.11.35327.3
MinimumVisualStudioVersion = 10.0.40219.1
Project("{FAE04EC0-301F-11D3-BF4B-00C04F79EFBC}") = "logica04", "logica04.csproj", "{AE46111D-F0CA-450A-8860-ABF4B69C2912}"
EndProject
Global
	GlobalSection(SolutionConfigurationPlatforms) = preSolution
		Debug|Any CPU = Debug|Any CPU
		Release|Any CPU = Release|Any CPU
	EndGlobalSection
	GlobalSection(ProjectConfigurationPlatforms) = postSolution
		{AE46111D-F0CA-450A-8860-ABF4B69C2912}.Debug|Any CPU.ActiveCfg = Debug|Any CPU
		{AE46111D-F0CA-450A-8860-ABF4B69C2912}.Debug|Any CPU.Build.0 = Debug|Any CPU
		{AE46111D-F0CA-450A-8860-ABF4B69C2912}.Release|Any CPU.ActiveCfg = Release|Any CPU
		{AE46111D-F0CA-450A-8860-ABF4B69C2912}.Release|Any CPU.Build.0 = Release|Any CPU
	EndGlobalSection
	GlobalSection(SolutionProperties) = preSolution
		HideSolutionNode = FALSE
	EndGlobalSection
	GlobalSection(ExtensibilityGlobals) = postSolution
		SolutionGuid = {2018E010-ADAA-49AD-9DFB-28978E035D7A}
	EndGlobalSection
EndGlobal
