
Microsoft Visual Studio Solution File, Format Version 12.00
# Visual Studio Version 17
VisualStudioVersion = 17.11.35327.3
MinimumVisualStudioVersion = 10.0.40219.1
Project("{FAE04EC0-301F-11D3-BF4B-00C04F79EFBC}") = "logica08", "logica08.csproj", "{3FA4B19C-A53F-4717-945B-C5FE29240831}"
EndProject
Global
	GlobalSection(SolutionConfigurationPlatforms) = preSolution
		Debug|Any CPU = Debug|Any CPU
		Release|Any CPU = Release|Any CPU
	EndGlobalSection
	GlobalSection(ProjectConfigurationPlatforms) = postSolution
		{3FA4B19C-A53F-4717-945B-C5FE29240831}.Debug|Any CPU.ActiveCfg = Debug|Any CPU
		{3FA4B19C-A53F-4717-945B-C5FE29240831}.Debug|Any CPU.Build.0 = Debug|Any CPU
		{3FA4B19C-A53F-4717-945B-C5FE29240831}.Release|Any CPU.ActiveCfg = Release|Any CPU
		{3FA4B19C-A53F-4717-945B-C5FE29240831}.Release|Any CPU.Build.0 = Release|Any CPU
	EndGlobalSection
	GlobalSection(SolutionProperties) = preSolution
		HideSolutionNode = FALSE
	EndGlobalSection
	GlobalSection(ExtensibilityGlobals) = postSolution
		SolutionGuid = {E963BB2C-6BCE-452B-B129-54BF01293182}
	EndGlobalSection
EndGlobal
